# THIS IS AN AUTOGENERATED FILE. DO NOT EDIT THIS FILE DIRECTLY.
# yarn lockfile v1


aggregate-error@^3.0.0:
  version "3.1.0"
  resolved "http://npm.demo.ued.g7s.chinawayltd.com/aggregate-error/-/aggregate-error-3.1.0.tgz#92670ff50f5359bdb7a3e0d40d0ec30c5737687a"
  integrity sha1-kmcP9Q9TWb23o+DUDQ7DDFc3aHo=
  dependencies:
    clean-stack "^2.0.0"
    indent-string "^4.0.0"

ansi-escapes@^4.3.0:
  version "4.3.2"
  resolved "http://npm.demo.ued.g7s.chinawayltd.com/ansi-escapes/-/ansi-escapes-4.3.2.tgz#6b2291d1db7d98b6521d5f1efa42d0f3a9feb65e"
  integrity sha1-ayKR0dt9mLZSHV8e+kLQ86n+tl4=
  dependencies:
    type-fest "^0.21.3"

ansi-regex@^5.0.1:
  version "5.0.1"
  resolved "http://npm.demo.ued.g7s.chinawayltd.com/ansi-regex/-/ansi-regex-5.0.1.tgz#082cb2c89c9fe8659a311a53bd6a4dc5301db304"
  integrity sha1-CCyyyJyf6GWaMRpTvWpNxTAdswQ=

ansi-regex@^6.0.1:
  version "6.0.1"
  resolved "http://npm.demo.ued.g7s.chinawayltd.com/ansi-regex/-/ansi-regex-6.0.1.tgz#3183e38fae9a65d7cb5e53945cd5897d0260a06a"
  integrity sha1-MYPjj66aZdfLXlOUXNWJfQJgoGo=

ansi-styles@^4.0.0:
  version "4.3.0"
  resolved "http://npm.demo.ued.g7s.chinawayltd.com/ansi-styles/-/ansi-styles-4.3.0.tgz#edd803628ae71c04c85ae7a0906edad34b648937"
  integrity sha1-7dgDYornHATIWuegkG7a00tkiTc=
  dependencies:
    color-convert "^2.0.1"

ansi-styles@^6.0.0:
  version "6.2.1"
  resolved "http://npm.demo.ued.g7s.chinawayltd.com/ansi-styles/-/ansi-styles-6.2.1.tgz#0e62320cf99c21afff3b3012192546aacbfb05c5"
  integrity sha512-bN798gFfQX+viw3R7yrGWRqnrN2oRkEkUjjl4JNn4E8GxxbjtG3FbrEIIY3l8/hrwUwIeCZvi4QuOTP4MErVug==

astral-regex@^2.0.0:
  version "2.0.0"
  resolved "http://npm.demo.ued.g7s.chinawayltd.com/astral-regex/-/astral-regex-2.0.0.tgz#483143c567aeed4785759c0865786dc77d7d2e31"
  integrity sha1-SDFDxWeu7UeFdZwIZXhtx319LjE=

braces@^3.0.2:
  version "3.0.2"
  resolved "http://npm.demo.ued.g7s.chinawayltd.com/braces/-/braces-3.0.2.tgz#3454e1a462ee8d599e236df336cd9ea4f8afe107"
  integrity sha1-NFThpGLujVmeI23zNs2epPiv4Qc=
  dependencies:
    fill-range "^7.0.1"

clean-stack@^2.0.0:
  version "2.2.0"
  resolved "http://npm.demo.ued.g7s.chinawayltd.com/clean-stack/-/clean-stack-2.2.0.tgz#ee8472dbb129e727b31e8a10a427dee9dfe4008b"
  integrity sha1-7oRy27Ep5yezHooQpCfe6d/kAIs=

cli-cursor@^3.1.0:
  version "3.1.0"
  resolved "http://npm.demo.ued.g7s.chinawayltd.com/cli-cursor/-/cli-cursor-3.1.0.tgz#264305a7ae490d1d03bf0c9ba7c925d1753af307"
  integrity sha1-JkMFp65JDR0Dvwybp8kl0XU68wc=
  dependencies:
    restore-cursor "^3.1.0"

cli-truncate@^2.1.0:
  version "2.1.0"
  resolved "http://npm.demo.ued.g7s.chinawayltd.com/cli-truncate/-/cli-truncate-2.1.0.tgz#c39e28bf05edcde5be3b98992a22deed5a2b93c7"
  integrity sha1-w54ovwXtzeW+O5iZKiLe7Vork8c=
  dependencies:
    slice-ansi "^3.0.0"
    string-width "^4.2.0"

cli-truncate@^3.1.0:
  version "3.1.0"
  resolved "http://npm.demo.ued.g7s.chinawayltd.com/cli-truncate/-/cli-truncate-3.1.0.tgz#3f23ab12535e3d73e839bb43e73c9de487db1389"
  integrity sha1-PyOrElNePXPoObtD5zyd5IfbE4k=
  dependencies:
    slice-ansi "^5.0.0"
    string-width "^5.0.0"

color-convert@^2.0.1:
  version "2.0.1"
  resolved "http://npm.demo.ued.g7s.chinawayltd.com/color-convert/-/color-convert-2.0.1.tgz#72d3a68d598c9bdb3af2ad1e84f21d896abd4de3"
  integrity sha1-ctOmjVmMm9s68q0ehPIdiWq9TeM=
  dependencies:
    color-name "~1.1.4"

color-name@~1.1.4:
  version "1.1.4"
  resolved "http://npm.demo.ued.g7s.chinawayltd.com/color-name/-/color-name-1.1.4.tgz#c2a09a87acbde69543de6f63fa3995c826c536a2"
  integrity sha1-wqCah6y95pVD3m9j+jmVyCbFNqI=

colorette@^2.0.16, colorette@^2.0.17:
  version "2.0.19"
  resolved "http://npm.demo.ued.g7s.chinawayltd.com/colorette/-/colorette-2.0.19.tgz#cdf044f47ad41a0f4b56b3a0d5b4e6e1a2d5a798"
  integrity sha512-3tlv/dIP7FWvj3BsbHrGLJ6l/oKh1O3TcgBqMn+yyCagOxc23fyzDS6HypQbgxWbkpDnf52p1LuR4eWDQ/K9WQ==

commander@^9.3.0:
  version "9.4.1"
  resolved "http://npm.demo.ued.g7s.chinawayltd.com/commander/-/commander-9.4.1.tgz#d1dd8f2ce6faf93147295c0df13c7c21141cfbdd"
  integrity sha512-5EEkTNyHNGFPD2H+c/dXXfQZYa/scCKasxWcXJaWnNJ99pnQN9Vnmqow+p+PlFPE63Q6mThaZws1T+HxfpgtPw==

cross-spawn@^7.0.3:
  version "7.0.3"
  resolved "http://npm.demo.ued.g7s.chinawayltd.com/cross-spawn/-/cross-spawn-7.0.3.tgz#f73a85b9d5d41d045551c177e2882d4ac85728a6"
  integrity sha1-9zqFudXUHQRVUcF34ogtSshXKKY=
  dependencies:
    path-key "^3.1.0"
    shebang-command "^2.0.0"
    which "^2.0.1"

debug@^4.3.4:
  version "4.3.4"
  resolved "http://npm.demo.ued.g7s.chinawayltd.com/debug/-/debug-4.3.4.tgz#1319f6579357f2338d3337d2cdd4914bb5dcc865"
  integrity sha512-PRWFHuSU3eDtQJPvnNY7Jcket1j0t5OuOsFzPPzsekD52Zl8qUfFIPEiswXqIvHWGVHOgX+7G/vCNNhehwxfkQ==
  dependencies:
    ms "2.1.2"

eastasianwidth@^0.2.0:
  version "0.2.0"
  resolved "http://npm.demo.ued.g7s.chinawayltd.com/eastasianwidth/-/eastasianwidth-0.2.0.tgz#696ce2ec0aa0e6ea93a397ffcf24aa7840c827cb"
  integrity sha1-aWzi7Aqg5uqTo5f/zySqeEDIJ8s=

emoji-regex@^8.0.0:
  version "8.0.0"
  resolved "http://npm.demo.ued.g7s.chinawayltd.com/emoji-regex/-/emoji-regex-8.0.0.tgz#e818fd69ce5ccfcb404594f842963bf53164cc37"
  integrity sha1-6Bj9ac5cz8tARZT4QpY79TFkzDc=

emoji-regex@^9.2.2:
  version "9.2.2"
  resolved "http://npm.demo.ued.g7s.chinawayltd.com/emoji-regex/-/emoji-regex-9.2.2.tgz#840c8803b0d8047f4ff0cf963176b32d4ef3ed72"
  integrity sha1-hAyIA7DYBH9P8M+WMXazLU7z7XI=

execa@^6.1.0:
  version "6.1.0"
  resolved "http://npm.demo.ued.g7s.chinawayltd.com/execa/-/execa-6.1.0.tgz#cea16dee211ff011246556388effa0818394fb20"
  integrity sha512-QVWlX2e50heYJcCPG0iWtf8r0xjEYfz/OYLGDYH+IyjWezzPNxz63qNFOu0l4YftGWuizFVZHHs8PrLU5p2IDA==
  dependencies:
    cross-spawn "^7.0.3"
    get-stream "^6.0.1"
    human-signals "^3.0.1"
    is-stream "^3.0.0"
    merge-stream "^2.0.0"
    npm-run-path "^5.1.0"
    onetime "^6.0.0"
    signal-exit "^3.0.7"
    strip-final-newline "^3.0.0"

fill-range@^7.0.1:
  version "7.0.1"
  resolved "http://npm.demo.ued.g7s.chinawayltd.com/fill-range/-/fill-range-7.0.1.tgz#1919a6a7c75fe38b2c7c77e5198535da9acdda40"
  integrity sha1-GRmmp8df44ssfHflGYU12prN2kA=
  dependencies:
    to-regex-range "^5.0.1"

get-stream@^6.0.1:
  version "6.0.1"
  resolved "http://npm.demo.ued.g7s.chinawayltd.com/get-stream/-/get-stream-6.0.1.tgz#a262d8eef67aced57c2852ad6167526a43cbf7b7"
  integrity sha1-omLY7vZ6ztV8KFKtYWdSakPL97c=

human-signals@^3.0.1:
  version "3.0.1"
  resolved "http://npm.demo.ued.g7s.chinawayltd.com/human-signals/-/human-signals-3.0.1.tgz#c740920859dafa50e5a3222da9d3bf4bb0e5eef5"
  integrity sha1-x0CSCFna+lDloyItqdO/S7Dl7vU=

husky@^8.0.1:
  version "8.0.1"
  resolved "http://npm.demo.ued.g7s.chinawayltd.com/husky/-/husky-8.0.1.tgz#511cb3e57de3e3190514ae49ed50f6bc3f50b3e9"
  integrity sha512-xs7/chUH/CKdOCs7Zy0Aev9e/dKOMZf3K1Az1nar3tzlv0jfqnYtu235bstsWTmXOR0EfINrPa97yy4Lz6RiKw==

indent-string@^4.0.0:
  version "4.0.0"
  resolved "http://npm.demo.ued.g7s.chinawayltd.com/indent-string/-/indent-string-4.0.0.tgz#624f8f4497d619b2d9768531d58f4122854d7251"
  integrity sha1-Yk+PRJfWGbLZdoUx1Y9BIoVNclE=

is-fullwidth-code-point@^3.0.0:
  version "3.0.0"
  resolved "http://npm.demo.ued.g7s.chinawayltd.com/is-fullwidth-code-point/-/is-fullwidth-code-point-3.0.0.tgz#f116f8064fe90b3f7844a38997c0b75051269f1d"
  integrity sha1-8Rb4Bk/pCz94RKOJl8C3UFEmnx0=

is-fullwidth-code-point@^4.0.0:
  version "4.0.0"
  resolved "http://npm.demo.ued.g7s.chinawayltd.com/is-fullwidth-code-point/-/is-fullwidth-code-point-4.0.0.tgz#fae3167c729e7463f8461ce512b080a49268aa88"
  integrity sha1-+uMWfHKedGP4RhzlErCApJJoqog=

is-number@^7.0.0:
  version "7.0.0"
  resolved "http://npm.demo.ued.g7s.chinawayltd.com/is-number/-/is-number-7.0.0.tgz#7535345b896734d5f80c4d06c50955527a14f12b"
  integrity sha1-dTU0W4lnNNX4DE0GxQlVUnoU8Ss=

is-stream@^3.0.0:
  version "3.0.0"
  resolved "http://npm.demo.ued.g7s.chinawayltd.com/is-stream/-/is-stream-3.0.0.tgz#e6bfd7aa6bef69f4f472ce9bb681e3e57b4319ac"
  integrity sha1-5r/XqmvvafT0cs6btoHj5XtDGaw=

isexe@^2.0.0:
  version "2.0.0"
  resolved "http://npm.demo.ued.g7s.chinawayltd.com/isexe/-/isexe-2.0.0.tgz#e8fbf374dc556ff8947a10dcb0572d633f2cfa10"
  integrity sha1-6PvzdNxVb/iUehDcsFctYz8s+hA=

lilconfig@2.0.5:
  version "2.0.5"
  resolved "http://npm.demo.ued.g7s.chinawayltd.com/lilconfig/-/lilconfig-2.0.5.tgz#19e57fd06ccc3848fd1891655b5a447092225b25"
  integrity sha512-xaYmXZtTHPAw5m+xLN8ab9C+3a8YmV3asNSPOATITbtwrfbwaLJj8h66H1WMIpALCkqsIzK3h7oQ+PdX+LQ9Eg==

lint-staged@^13.0.3:
  version "13.0.3"
  resolved "http://npm.demo.ued.g7s.chinawayltd.com/lint-staged/-/lint-staged-13.0.3.tgz#d7cdf03a3830b327a2b63c6aec953d71d9dc48c6"
  integrity sha512-9hmrwSCFroTSYLjflGI8Uk+GWAwMB4OlpU4bMJEAT5d/llQwtYKoim4bLOyLCuWFAhWEupE0vkIFqtw/WIsPug==
  dependencies:
    cli-truncate "^3.1.0"
    colorette "^2.0.17"
    commander "^9.3.0"
    debug "^4.3.4"
    execa "^6.1.0"
    lilconfig "2.0.5"
    listr2 "^4.0.5"
    micromatch "^4.0.5"
    normalize-path "^3.0.0"
    object-inspect "^1.12.2"
    pidtree "^0.6.0"
    string-argv "^0.3.1"
    yaml "^2.1.1"

listr2@^4.0.5:
  version "4.0.5"
  resolved "http://npm.demo.ued.g7s.chinawayltd.com/listr2/-/listr2-4.0.5.tgz#9dcc50221583e8b4c71c43f9c7dfd0ef546b75d5"
  integrity sha512-juGHV1doQdpNT3GSTs9IUN43QJb7KHdF9uqg7Vufs/tG9VTzpFphqF4pm/ICdAABGQxsyNn9CiYA3StkI6jpwA==
  dependencies:
    cli-truncate "^2.1.0"
    colorette "^2.0.16"
    log-update "^4.0.0"
    p-map "^4.0.0"
    rfdc "^1.3.0"
    rxjs "^7.5.5"
    through "^2.3.8"
    wrap-ansi "^7.0.0"

log-update@^4.0.0:
  version "4.0.0"
  resolved "http://npm.demo.ued.g7s.chinawayltd.com/log-update/-/log-update-4.0.0.tgz#589ecd352471f2a1c0c570287543a64dfd20e0a1"
  integrity sha1-WJ7NNSRx8qHAxXAodUOmTf0g4KE=
  dependencies:
    ansi-escapes "^4.3.0"
    cli-cursor "^3.1.0"
    slice-ansi "^4.0.0"
    wrap-ansi "^6.2.0"

merge-stream@^2.0.0:
  version "2.0.0"
  resolved "http://npm.demo.ued.g7s.chinawayltd.com/merge-stream/-/merge-stream-2.0.0.tgz#52823629a14dd00c9770fb6ad47dc6310f2c1f60"
  integrity sha1-UoI2KaFN0AyXcPtq1H3GMQ8sH2A=

micromatch@^4.0.5:
  version "4.0.5"
  resolved "http://npm.demo.ued.g7s.chinawayltd.com/micromatch/-/micromatch-4.0.5.tgz#bc8999a7cbbf77cdc89f132f6e467051b49090c6"
  integrity sha512-DMy+ERcEW2q8Z2Po+WNXuw3c5YaUSFjAO5GsJqfEl7UjvtIuFKO6ZrKvcItdy98dwFI2N1tg3zNIdKaQT+aNdA==
  dependencies:
    braces "^3.0.2"
    picomatch "^2.3.1"

mimic-fn@^2.1.0:
  version "2.1.0"
  resolved "http://npm.demo.ued.g7s.chinawayltd.com/mimic-fn/-/mimic-fn-2.1.0.tgz#7ed2c2ccccaf84d3ffcb7a69b57711fc2083401b"
  integrity sha1-ftLCzMyvhNP/y3pptXcR/CCDQBs=

mimic-fn@^4.0.0:
  version "4.0.0"
  resolved "http://npm.demo.ued.g7s.chinawayltd.com/mimic-fn/-/mimic-fn-4.0.0.tgz#60a90550d5cb0b239cca65d893b1a53b29871ecc"
  integrity sha1-YKkFUNXLCyOcymXYk7GlOymHHsw=

ms@2.1.2:
  version "2.1.2"
  resolved "http://npm.demo.ued.g7s.chinawayltd.com/ms/-/ms-2.1.2.tgz#d09d1f357b443f493382a8eb3ccd183872ae6009"
  integrity sha1-0J0fNXtEP0kzgqjrPM0YOHKuYAk=

normalize-path@^3.0.0:
  version "3.0.0"
  resolved "http://npm.demo.ued.g7s.chinawayltd.com/normalize-path/-/normalize-path-3.0.0.tgz#0dcd69ff23a1c9b11fd0978316644a0388216a65"
  integrity sha1-Dc1p/yOhybEf0JeDFmRKA4ghamU=

npm-run-path@^5.1.0:
  version "5.1.0"
  resolved "http://npm.demo.ued.g7s.chinawayltd.com/npm-run-path/-/npm-run-path-5.1.0.tgz#bc62f7f3f6952d9894bd08944ba011a6ee7b7e00"
  integrity sha512-sJOdmRGrY2sjNTRMbSvluQqg+8X7ZK61yvzBEIDhz4f8z1TZFYABsqjjCBd/0PUNE9M6QDgHJXQkGUEm7Q+l9Q==
  dependencies:
    path-key "^4.0.0"

object-inspect@^1.12.2:
  version "1.12.2"
  resolved "http://npm.demo.ued.g7s.chinawayltd.com/object-inspect/-/object-inspect-1.12.2.tgz#c0641f26394532f28ab8d796ab954e43c009a8ea"
  integrity sha512-z+cPxW0QGUp0mcqcsgQyLVRDoXFQbXOwBaqyF7VIgI4TWNQsDHrBpUQslRmIfAoYWdYzs6UlKJtB2XJpTaNSpQ==

onetime@^5.1.0:
  version "5.1.2"
  resolved "http://npm.demo.ued.g7s.chinawayltd.com/onetime/-/onetime-5.1.2.tgz#d0e96ebb56b07476df1dd9c4806e5237985ca45e"
  integrity sha1-0Oluu1awdHbfHdnEgG5SN5hcpF4=
  dependencies:
    mimic-fn "^2.1.0"

onetime@^6.0.0:
  version "6.0.0"
  resolved "http://npm.demo.ued.g7s.chinawayltd.com/onetime/-/onetime-6.0.0.tgz#7c24c18ed1fd2e9bca4bd26806a33613c77d34b4"
  integrity sha1-fCTBjtH9LpvKS9JoBqM2E8d9NLQ=
  dependencies:
    mimic-fn "^4.0.0"

p-map@^4.0.0:
  version "4.0.0"
  resolved "http://npm.demo.ued.g7s.chinawayltd.com/p-map/-/p-map-4.0.0.tgz#bb2f95a5eda2ec168ec9274e06a747c3e2904d2b"
  integrity sha1-uy+Vpe2i7BaOySdOBqdHw+KQTSs=
  dependencies:
    aggregate-error "^3.0.0"

path-key@^3.1.0:
  version "3.1.1"
  resolved "http://npm.demo.ued.g7s.chinawayltd.com/path-key/-/path-key-3.1.1.tgz#581f6ade658cbba65a0d3380de7753295054f375"
  integrity sha1-WB9q3mWMu6ZaDTOA3ndTKVBU83U=

path-key@^4.0.0:
  version "4.0.0"
  resolved "http://npm.demo.ued.g7s.chinawayltd.com/path-key/-/path-key-4.0.0.tgz#295588dc3aee64154f877adb9d780b81c554bf18"
  integrity sha1-KVWI3DruZBVPh3rbnXgLgcVUvxg=

picomatch@^2.3.1:
  version "2.3.1"
  resolved "http://npm.demo.ued.g7s.chinawayltd.com/picomatch/-/picomatch-2.3.1.tgz#3ba3833733646d9d3e4995946c1365a67fb07a42"
  integrity sha512-JU3teHTNjmE2VCGFzuY8EXzCDVwEqB2a8fsIvwaStHhAWJEeVd1o1QD80CU6+ZdEXXSLbSsuLwJjkCBWqRQUVA==

pidtree@^0.6.0:
  version "0.6.0"
  resolved "http://npm.demo.ued.g7s.chinawayltd.com/pidtree/-/pidtree-0.6.0.tgz#90ad7b6d42d5841e69e0a2419ef38f8883aa057c"
  integrity sha512-eG2dWTVw5bzqGRztnHExczNxt5VGsE6OwTeCG3fdUf9KBsZzO3R5OIIIzWR+iZA0NtZ+RDVdaoE2dK1cn6jH4g==

prettier@^2.7.1:
  version "2.7.1"
  resolved "http://npm.demo.ued.g7s.chinawayltd.com/prettier/-/prettier-2.7.1.tgz#e235806850d057f97bb08368a4f7d899f7760c64"
  integrity sha512-ujppO+MkdPqoVINuDFDRLClm7D78qbDt0/NR+wp5FqEZOoTNAjPHWj17QRhu7geIHJfcNhRk1XVQmF8Bp3ye+g==

restore-cursor@^3.1.0:
  version "3.1.0"
  resolved "http://npm.demo.ued.g7s.chinawayltd.com/restore-cursor/-/restore-cursor-3.1.0.tgz#39f67c54b3a7a58cea5236d95cf0034239631f7e"
  integrity sha1-OfZ8VLOnpYzqUjbZXPADQjljH34=
  dependencies:
    onetime "^5.1.0"
    signal-exit "^3.0.2"

rfdc@^1.3.0:
  version "1.3.0"
  resolved "http://npm.demo.ued.g7s.chinawayltd.com/rfdc/-/rfdc-1.3.0.tgz#d0b7c441ab2720d05dc4cf26e01c89631d9da08b"
  integrity sha1-0LfEQasnINBdxM8m4ByJYx2doIs=

rxjs@^7.5.5:
  version "7.5.7"
  resolved "http://npm.demo.ued.g7s.chinawayltd.com/rxjs/-/rxjs-7.5.7.tgz#2ec0d57fdc89ece220d2e702730ae8f1e49def39"
  integrity sha512-z9MzKh/UcOqB3i20H6rtrlaE/CgjLOvheWK/9ILrbhROGTweAi1BaFsTT9FbwZi5Trr1qNRs+MXkhmR06awzQA==
  dependencies:
    tslib "^2.1.0"

shebang-command@^2.0.0:
  version "2.0.0"
  resolved "http://npm.demo.ued.g7s.chinawayltd.com/shebang-command/-/shebang-command-2.0.0.tgz#ccd0af4f8835fbdc265b82461aaf0c36663f34ea"
  integrity sha1-zNCvT4g1+9wmW4JGGq8MNmY/NOo=
  dependencies:
    shebang-regex "^3.0.0"

shebang-regex@^3.0.0:
  version "3.0.0"
  resolved "http://npm.demo.ued.g7s.chinawayltd.com/shebang-regex/-/shebang-regex-3.0.0.tgz#ae16f1644d873ecad843b0307b143362d4c42172"
  integrity sha1-rhbxZE2HPsrYQ7AwexQzYtTEIXI=

signal-exit@^3.0.2, signal-exit@^3.0.7:
  version "3.0.7"
  resolved "http://npm.demo.ued.g7s.chinawayltd.com/signal-exit/-/signal-exit-3.0.7.tgz#a9a1767f8af84155114eaabd73f99273c8f59ad9"
  integrity sha512-wnD2ZE+l+SPC/uoS0vXeE9L1+0wuaMqKlfz9AMUo38JsyLSBWSFcHR1Rri62LZc12vLr1gb3jl7iwQhgwpAbGQ==

slice-ansi@^3.0.0:
  version "3.0.0"
  resolved "http://npm.demo.ued.g7s.chinawayltd.com/slice-ansi/-/slice-ansi-3.0.0.tgz#31ddc10930a1b7e0b67b08c96c2f49b77a789787"
  integrity sha1-Md3BCTCht+C2ewjJbC9Jt3p4l4c=
  dependencies:
    ansi-styles "^4.0.0"
    astral-regex "^2.0.0"
    is-fullwidth-code-point "^3.0.0"

slice-ansi@^4.0.0:
  version "4.0.0"
  resolved "http://npm.demo.ued.g7s.chinawayltd.com/slice-ansi/-/slice-ansi-4.0.0.tgz#500e8dd0fd55b05815086255b3195adf2a45fe6b"
  integrity sha1-UA6N0P1VsFgVCGJVsxla3ypF/ms=
  dependencies:
    ansi-styles "^4.0.0"
    astral-regex "^2.0.0"
    is-fullwidth-code-point "^3.0.0"

slice-ansi@^5.0.0:
  version "5.0.0"
  resolved "http://npm.demo.ued.g7s.chinawayltd.com/slice-ansi/-/slice-ansi-5.0.0.tgz#b73063c57aa96f9cd881654b15294d95d285c42a"
  integrity sha1-tzBjxXqpb5zYgWVLFSlNldKFxCo=
  dependencies:
    ansi-styles "^6.0.0"
    is-fullwidth-code-point "^4.0.0"

string-argv@^0.3.1:
  version "0.3.1"
  resolved "http://npm.demo.ued.g7s.chinawayltd.com/string-argv/-/string-argv-0.3.1.tgz#95e2fbec0427ae19184935f816d74aaa4c5c19da"
  integrity sha1-leL77AQnrhkYSTX4FtdKqkxcGdo=

string-width@^4.1.0, string-width@^4.2.0:
  version "4.2.3"
  resolved "http://npm.demo.ued.g7s.chinawayltd.com/string-width/-/string-width-4.2.3.tgz#269c7117d27b05ad2e536830a8ec895ef9c6d010"
  integrity sha1-JpxxF9J7Ba0uU2gwqOyJXvnG0BA=
  dependencies:
    emoji-regex "^8.0.0"
    is-fullwidth-code-point "^3.0.0"
    strip-ansi "^6.0.1"

string-width@^5.0.0:
  version "5.1.2"
  resolved "http://npm.demo.ued.g7s.chinawayltd.com/string-width/-/string-width-5.1.2.tgz#14f8daec6d81e7221d2a357e668cab73bdbca794"
  integrity sha512-HnLOCR3vjcY8beoNLtcjZ5/nxn2afmME6lhrDrebokqMap+XbeW8n9TXpPDOqdGK5qcI3oT0GKTW6wC7EMiVqA==
  dependencies:
    eastasianwidth "^0.2.0"
    emoji-regex "^9.2.2"
    strip-ansi "^7.0.1"

strip-ansi@^6.0.0, strip-ansi@^6.0.1:
  version "6.0.1"
  resolved "http://npm.demo.ued.g7s.chinawayltd.com/strip-ansi/-/strip-ansi-6.0.1.tgz#9e26c63d30f53443e9489495b2105d37b67a85d9"
  integrity sha1-nibGPTD1NEPpSJSVshBdN7Z6hdk=
  dependencies:
    ansi-regex "^5.0.1"

strip-ansi@^7.0.1:
  version "7.0.1"
  resolved "http://npm.demo.ued.g7s.chinawayltd.com/strip-ansi/-/strip-ansi-7.0.1.tgz#61740a08ce36b61e50e65653f07060d000975fb2"
  integrity sha1-YXQKCM42th5Q5lZT8HBg0ACXX7I=
  dependencies:
    ansi-regex "^6.0.1"

strip-final-newline@^3.0.0:
  version "3.0.0"
  resolved "http://npm.demo.ued.g7s.chinawayltd.com/strip-final-newline/-/strip-final-newline-3.0.0.tgz#52894c313fbff318835280aed60ff71ebf12b8fd"
  integrity sha1-UolMMT+/8xiDUoCu1g/3Hr8SuP0=

through@^2.3.8:
  version "2.3.8"
  resolved "http://npm.demo.ued.g7s.chinawayltd.com/through/-/through-2.3.8.tgz#0dd4c9ffaabc357960b1b724115d7e0e86a2e1f5"
  integrity sha1-DdTJ/6q8NXlgsbckEV1+Doai4fU=

to-regex-range@^5.0.1:
  version "5.0.1"
  resolved "http://npm.demo.ued.g7s.chinawayltd.com/to-regex-range/-/to-regex-range-5.0.1.tgz#1648c44aae7c8d988a326018ed72f5b4dd0392e4"
  integrity sha1-FkjESq58jZiKMmAY7XL1tN0DkuQ=
  dependencies:
    is-number "^7.0.0"

tslib@^2.1.0:
  version "2.4.0"
  resolved "http://npm.demo.ued.g7s.chinawayltd.com/tslib/-/tslib-2.4.0.tgz#7cecaa7f073ce680a05847aa77be941098f36dc3"
  integrity sha512-d6xOpEDfsi2CZVlPQzGeux8XMwLT9hssAsaPYExaQMuYskwb+x1x7J371tWlbBdWHroy99KnVB6qIkUbs5X3UQ==

type-fest@^0.21.3:
  version "0.21.3"
  resolved "http://npm.demo.ued.g7s.chinawayltd.com/type-fest/-/type-fest-0.21.3.tgz#d260a24b0198436e133fa26a524a6d65fa3b2e37"
  integrity sha1-0mCiSwGYQ24TP6JqUkptZfo7Ljc=

typescript@^4.8.4:
  version "4.8.4"
  resolved "http://npm.demo.ued.g7s.chinawayltd.com/typescript/-/typescript-4.8.4.tgz#c464abca159669597be5f96b8943500b238e60e6"
  integrity sha512-QCh+85mCy+h0IGff8r5XWzOVSbBO+KfeYrMQh7NJ58QujwcE22u+NUSmUxqF+un70P9GXKxa2HCNiTTMJknyjQ==

which@^2.0.1:
  version "2.0.2"
  resolved "http://npm.demo.ued.g7s.chinawayltd.com/which/-/which-2.0.2.tgz#7c6a8dd0a636a0327e10b59c9286eee93f3f51b1"
  integrity sha1-fGqN0KY2oDJ+ELWckobu6T8/UbE=
  dependencies:
    isexe "^2.0.0"

wrap-ansi@^6.2.0:
  version "6.2.0"
  resolved "http://npm.demo.ued.g7s.chinawayltd.com/wrap-ansi/-/wrap-ansi-6.2.0.tgz#e9393ba07102e6c91a3b221478f0257cd2856e53"
  integrity sha1-6Tk7oHEC5skaOyIUePAlfNKFblM=
  dependencies:
    ansi-styles "^4.0.0"
    string-width "^4.1.0"
    strip-ansi "^6.0.0"

wrap-ansi@^7.0.0:
  version "7.0.0"
  resolved "http://npm.demo.ued.g7s.chinawayltd.com/wrap-ansi/-/wrap-ansi-7.0.0.tgz#67e145cff510a6a6984bdf1152911d69d2eb9e43"
  integrity sha1-Z+FFz/UQpqaYS98RUpEdadLrnkM=
  dependencies:
    ansi-styles "^4.0.0"
    string-width "^4.1.0"
    strip-ansi "^6.0.0"

yaml@^2.1.1:
  version "2.1.3"
  resolved "http://npm.demo.ued.g7s.chinawayltd.com/yaml/-/yaml-2.1.3.tgz#9b3a4c8aff9821b696275c79a8bee8399d945207"
  integrity sha512-AacA8nRULjKMX2DvWvOAdBZMOfQlypSFkjcOcu9FalllIDJ1kvlREzcdIZmidQUqqeMv7jorHjq2HlLv/+c2lg==
